
Microsoft Visual Studio Solution File, Format Version 12.00
# Visual Studio Version 16
VisualStudioVersion = 16.0.31702.278
MinimumVisualStudioVersion = 10.0.40219.1
Project("{FAE04EC0-301F-11D3-BF4B-00C04F79EFBC}") = "MVC_Tutorial_04", "MVC_Tutorial_04\MVC_Tutorial_04.csproj", "{CF1B996E-CB11-4318-9986-F7CE0979646F}"
EndProject
Global
	GlobalSection(SolutionConfigurationPlatforms) = preSolution
		Debug|Any CPU = Debug|Any CPU
		Release|Any CPU = Release|Any CPU
	EndGlobalSection
	GlobalSection(ProjectConfigurationPlatforms) = postSolution
		{CF1B996E-CB11-4318-9986-F7CE0979646F}.Debug|Any CPU.ActiveCfg = Debug|Any CPU
		{CF1B996E-CB11-4318-9986-F7CE0979646F}.Debug|Any CPU.Build.0 = Debug|Any CPU
		{CF1B996E-CB11-4318-9986-F7CE0979646F}.Release|Any CPU.ActiveCfg = Release|Any CPU
		{CF1B996E-CB11-4318-9986-F7CE0979646F}.Release|Any CPU.Build.0 = Release|Any CPU
	EndGlobalSection
	GlobalSection(SolutionProperties) = preSolution
		HideSolutionNode = FALSE
	EndGlobalSection
	GlobalSection(ExtensibilityGlobals) = postSolution
		SolutionGuid = {5FF3E7AD-9C36-4755-980E-512D1419F83A}
	EndGlobalSection
EndGlobal
